
Microsoft Visual Studio Solution File, Format Version 12.00
# Visual Studio Version 16
VisualStudioVersion = 16.0.28922.388
MinimumVisualStudioVersion = 10.0.40219.1
Project("{FAE04EC0-301F-11D3-BF4B-00C04F79EFBC}") = "English Language Program", "English Language Program\English Language Program.csproj", "{249D3B48-9D30-4B25-B4F8-E96B0951E5C0}"
EndProject
Global
	GlobalSection(SolutionConfigurationPlatforms) = preSolution
		Debug|Any CPU = Debug|Any CPU
		Release|Any CPU = Release|Any CPU
	EndGlobalSection
	GlobalSection(ProjectConfigurationPlatforms) = postSolution
		{249D3B48-9D30-4B25-B4F8-E96B0951E5C0}.Debug|Any CPU.ActiveCfg = Debug|Any CPU
		{249D3B48-9D30-4B25-B4F8-E96B0951E5C0}.Debug|Any CPU.Build.0 = Debug|Any CPU
		{249D3B48-9D30-4B25-B4F8-E96B0951E5C0}.Release|Any CPU.ActiveCfg = Release|Any CPU
		{249D3B48-9D30-4B25-B4F8-E96B0951E5C0}.Release|Any CPU.Build.0 = Release|Any CPU
	EndGlobalSection
	GlobalSection(SolutionProperties) = preSolution
		HideSolutionNode = FALSE
	EndGlobalSection
	GlobalSection(ExtensibilityGlobals) = postSolution
		SolutionGuid = {7735690D-77FC-4A71-BD13-CF12A4106B38}
	EndGlobalSection
EndGlobal
